
Microsoft Visual Studio Solution File, Format Version 12.00
# Visual Studio 15
VisualStudioVersion = 15.0.26730.16
MinimumVisualStudioVersion = 10.0.40219.1
Project("{FAE04EC0-301F-11D3-BF4B-00C04F79EFBC}") = "SinoTheWalker", "ConsoleApp1\SinoTheWalker.csproj", "{DD1CFE88-DD34-46DD-96BA-B4F0D0496F2F}"
EndProject
Project("{FAE04EC0-301F-11D3-BF4B-00C04F79EFBC}") = "SoftUniKaraoke", "SoftUniKaraoke\SoftUniKaraoke.csproj", "{55FB20E2-022F-4932-A943-A767A420D8B1}"
EndProject
Project("{FAE04EC0-301F-11D3-BF4B-00C04F79EFBC}") = "EnduranceRally", "EnduranceRally\EnduranceRally.csproj", "{CBDB0AD5-5316-4670-B023-00D7649661A4}"
EndProject
Project("{FAE04EC0-301F-11D3-BF4B-00C04F79EFBC}") = "WinningTicket", "WinningTicket\WinningTicket.csproj", "{62988481-F3BA-4300-A2D4-FDFF287BD1F5}"
EndProject
Global
	GlobalSection(SolutionConfigurationPlatforms) = preSolution
		Debug|Any CPU = Debug|Any CPU
		Release|Any CPU = Release|Any CPU
	EndGlobalSection
	GlobalSection(ProjectConfigurationPlatforms) = postSolution
		{DD1CFE88-DD34-46DD-96BA-B4F0D0496F2F}.Debug|Any CPU.ActiveCfg = Debug|Any CPU
		{DD1CFE88-DD34-46DD-96BA-B4F0D0496F2F}.Debug|Any CPU.Build.0 = Debug|Any CPU
		{DD1CFE88-DD34-46DD-96BA-B4F0D0496F2F}.Release|Any CPU.ActiveCfg = Release|Any CPU
		{DD1CFE88-DD34-46DD-96BA-B4F0D0496F2F}.Release|Any CPU.Build.0 = Release|Any CPU
		{55FB20E2-022F-4932-A943-A767A420D8B1}.Debug|Any CPU.ActiveCfg = Debug|Any CPU
		{55FB20E2-022F-4932-A943-A767A420D8B1}.Debug|Any CPU.Build.0 = Debug|Any CPU
		{55FB20E2-022F-4932-A943-A767A420D8B1}.Release|Any CPU.ActiveCfg = Release|Any CPU
		{55FB20E2-022F-4932-A943-A767A420D8B1}.Release|Any CPU.Build.0 = Release|Any CPU
		{CBDB0AD5-5316-4670-B023-00D7649661A4}.Debug|Any CPU.ActiveCfg = Debug|Any CPU
		{CBDB0AD5-5316-4670-B023-00D7649661A4}.Debug|Any CPU.Build.0 = Debug|Any CPU
		{CBDB0AD5-5316-4670-B023-00D7649661A4}.Release|Any CPU.ActiveCfg = Release|Any CPU
		{CBDB0AD5-5316-4670-B023-00D7649661A4}.Release|Any CPU.Build.0 = Release|Any CPU
		{62988481-F3BA-4300-A2D4-FDFF287BD1F5}.Debug|Any CPU.ActiveCfg = Debug|Any CPU
		{62988481-F3BA-4300-A2D4-FDFF287BD1F5}.Debug|Any CPU.Build.0 = Debug|Any CPU
		{62988481-F3BA-4300-A2D4-FDFF287BD1F5}.Release|Any CPU.ActiveCfg = Release|Any CPU
		{62988481-F3BA-4300-A2D4-FDFF287BD1F5}.Release|Any CPU.Build.0 = Release|Any CPU
	EndGlobalSection
	GlobalSection(SolutionProperties) = preSolution
		HideSolutionNode = FALSE
	EndGlobalSection
	GlobalSection(ExtensibilityGlobals) = postSolution
		SolutionGuid = {6F6FA868-8B86-483A-8666-4CCE5E28EA83}
	EndGlobalSection
EndGlobal
