
Microsoft Visual Studio Solution File, Format Version 12.00
# Visual Studio 15
VisualStudioVersion = 15.0.28010.2048
MinimumVisualStudioVersion = 10.0.40219.1
Project("{FAE04EC0-301F-11D3-BF4B-00C04F79EFBC}") = "P01_BillsPaymentSystem.App", "P01_BillsPaymentSystem\P01_BillsPaymentSystem.App.csproj", "{9DD12469-C2FF-496F-9C5E-38C9D7C04125}"
EndProject
Project("{FAE04EC0-301F-11D3-BF4B-00C04F79EFBC}") = "P01_BillsPaymentSystem.Data", "P01_BillsPaymentSystem.Data\P01_BillsPaymentSystem.Data.csproj", "{470DDB3B-C500-48B3-BEA0-90E471A2C83B}"
EndProject
Project("{FAE04EC0-301F-11D3-BF4B-00C04F79EFBC}") = "P01_BillsPaymentSystem.Data.Models", "P01_BillsPaymentSystem.Data.Models\P01_BillsPaymentSystem.Data.Models.csproj", "{EEB9DB59-0225-4CD7-9C02-0DE986D48BB5}"
EndProject
Global
	GlobalSection(SolutionConfigurationPlatforms) = preSolution
		Debug|Any CPU = Debug|Any CPU
		Release|Any CPU = Release|Any CPU
	EndGlobalSection
	GlobalSection(ProjectConfigurationPlatforms) = postSolution
		{9DD12469-C2FF-496F-9C5E-38C9D7C04125}.Debug|Any CPU.ActiveCfg = Debug|Any CPU
		{9DD12469-C2FF-496F-9C5E-38C9D7C04125}.Debug|Any CPU.Build.0 = Debug|Any CPU
		{9DD12469-C2FF-496F-9C5E-38C9D7C04125}.Release|Any CPU.ActiveCfg = Release|Any CPU
		{9DD12469-C2FF-496F-9C5E-38C9D7C04125}.Release|Any CPU.Build.0 = Release|Any CPU
		{470DDB3B-C500-48B3-BEA0-90E471A2C83B}.Debug|Any CPU.ActiveCfg = Debug|Any CPU
		{470DDB3B-C500-48B3-BEA0-90E471A2C83B}.Debug|Any CPU.Build.0 = Debug|Any CPU
		{470DDB3B-C500-48B3-BEA0-90E471A2C83B}.Release|Any CPU.ActiveCfg = Release|Any CPU
		{470DDB3B-C500-48B3-BEA0-90E471A2C83B}.Release|Any CPU.Build.0 = Release|Any CPU
		{EEB9DB59-0225-4CD7-9C02-0DE986D48BB5}.Debug|Any CPU.ActiveCfg = Debug|Any CPU
		{EEB9DB59-0225-4CD7-9C02-0DE986D48BB5}.Debug|Any CPU.Build.0 = Debug|Any CPU
		{EEB9DB59-0225-4CD7-9C02-0DE986D48BB5}.Release|Any CPU.ActiveCfg = Release|Any CPU
		{EEB9DB59-0225-4CD7-9C02-0DE986D48BB5}.Release|Any CPU.Build.0 = Release|Any CPU
	EndGlobalSection
	GlobalSection(SolutionProperties) = preSolution
		HideSolutionNode = FALSE
	EndGlobalSection
	GlobalSection(ExtensibilityGlobals) = postSolution
		SolutionGuid = {F4716901-DC51-4C54-88DF-005B72F94384}
	EndGlobalSection
EndGlobal
