
Microsoft Visual Studio Solution File, Format Version 12.00
# Visual Studio Version 16
VisualStudioVersion = 16.0.29411.108
MinimumVisualStudioVersion = 10.0.40219.1
Project("{FAE04EC0-301F-11D3-BF4B-00C04F79EFBC}") = "ArrayStack", "ArrayStack\ArrayStack.csproj", "{74AD9890-424E-43DC-9183-51860ED6B38E}"
EndProject
Project("{FAE04EC0-301F-11D3-BF4B-00C04F79EFBC}") = "ArrayStack.Tests", "ArrayStack.Tests\ArrayStack.Tests.csproj", "{C4098BFE-9485-4474-A18B-F49006667F25}"
EndProject
Global
	GlobalSection(SolutionConfigurationPlatforms) = preSolution
		Debug|Any CPU = Debug|Any CPU
		Release|Any CPU = Release|Any CPU
	EndGlobalSection
	GlobalSection(ProjectConfigurationPlatforms) = postSolution
		{74AD9890-424E-43DC-9183-51860ED6B38E}.Debug|Any CPU.ActiveCfg = Debug|Any CPU
		{74AD9890-424E-43DC-9183-51860ED6B38E}.Debug|Any CPU.Build.0 = Debug|Any CPU
		{74AD9890-424E-43DC-9183-51860ED6B38E}.Release|Any CPU.ActiveCfg = Release|Any CPU
		{74AD9890-424E-43DC-9183-51860ED6B38E}.Release|Any CPU.Build.0 = Release|Any CPU
		{C4098BFE-9485-4474-A18B-F49006667F25}.Debug|Any CPU.ActiveCfg = Debug|Any CPU
		{C4098BFE-9485-4474-A18B-F49006667F25}.Debug|Any CPU.Build.0 = Debug|Any CPU
		{C4098BFE-9485-4474-A18B-F49006667F25}.Release|Any CPU.ActiveCfg = Release|Any CPU
		{C4098BFE-9485-4474-A18B-F49006667F25}.Release|Any CPU.Build.0 = Release|Any CPU
	EndGlobalSection
	GlobalSection(SolutionProperties) = preSolution
		HideSolutionNode = FALSE
	EndGlobalSection
	GlobalSection(ExtensibilityGlobals) = postSolution
		SolutionGuid = {2C1EB057-A850-444D-A0A1-838B3896B6C3}
	EndGlobalSection
EndGlobal
