
Microsoft Visual Studio Solution File, Format Version 12.00
# Visual Studio 15
VisualStudioVersion = 15.0.27130.2024
MinimumVisualStudioVersion = 10.0.40219.1
Project("{FAE04EC0-301F-11D3-BF4B-00C04F79EFBC}") = "Tester", "Tester\Tester.csproj", "{3CF3849E-97FB-432C-AF0D-974F98298631}"
EndProject
Project("{9A19103F-16F7-4668-BE54-9A1E7A4F7556}") = "VehiclesExtension", "VehiclesExtension\VehiclesExtension.csproj", "{F16CA7DE-DD84-4B34-8831-97A1183427C1}"
EndProject
Project("{FAE04EC0-301F-11D3-BF4B-00C04F79EFBC}") = "WildFarm", "WildFarm\WildFarm.csproj", "{A8C3BD27-F019-450F-9D2E-04C4FC2D85B9}"
EndProject
Global
	GlobalSection(SolutionConfigurationPlatforms) = preSolution
		Debug|Any CPU = Debug|Any CPU
		Release|Any CPU = Release|Any CPU
	EndGlobalSection
	GlobalSection(ProjectConfigurationPlatforms) = postSolution
		{3CF3849E-97FB-432C-AF0D-974F98298631}.Debug|Any CPU.ActiveCfg = Debug|Any CPU
		{3CF3849E-97FB-432C-AF0D-974F98298631}.Debug|Any CPU.Build.0 = Debug|Any CPU
		{3CF3849E-97FB-432C-AF0D-974F98298631}.Release|Any CPU.ActiveCfg = Release|Any CPU
		{3CF3849E-97FB-432C-AF0D-974F98298631}.Release|Any CPU.Build.0 = Release|Any CPU
		{F16CA7DE-DD84-4B34-8831-97A1183427C1}.Debug|Any CPU.ActiveCfg = Debug|Any CPU
		{F16CA7DE-DD84-4B34-8831-97A1183427C1}.Debug|Any CPU.Build.0 = Debug|Any CPU
		{F16CA7DE-DD84-4B34-8831-97A1183427C1}.Release|Any CPU.ActiveCfg = Release|Any CPU
		{F16CA7DE-DD84-4B34-8831-97A1183427C1}.Release|Any CPU.Build.0 = Release|Any CPU
		{A8C3BD27-F019-450F-9D2E-04C4FC2D85B9}.Debug|Any CPU.ActiveCfg = Debug|Any CPU
		{A8C3BD27-F019-450F-9D2E-04C4FC2D85B9}.Debug|Any CPU.Build.0 = Debug|Any CPU
		{A8C3BD27-F019-450F-9D2E-04C4FC2D85B9}.Release|Any CPU.ActiveCfg = Release|Any CPU
		{A8C3BD27-F019-450F-9D2E-04C4FC2D85B9}.Release|Any CPU.Build.0 = Release|Any CPU
	EndGlobalSection
	GlobalSection(SolutionProperties) = preSolution
		HideSolutionNode = FALSE
	EndGlobalSection
	GlobalSection(ExtensibilityGlobals) = postSolution
		SolutionGuid = {69857F19-EB9F-4CA8-ACEF-F98DC3553D75}
	EndGlobalSection
EndGlobal
