
Microsoft Visual Studio Solution File, Format Version 12.00
# Visual Studio 15
VisualStudioVersion = 15.0.26730.16
MinimumVisualStudioVersion = 10.0.40219.1
Project("{FAE04EC0-301F-11D3-BF4B-00C04F79EFBC}") = "ChooseADrink2.0", "SecondHomework\ChooseADrink2.0.csproj", "{FAD96DA7-C586-44DD-A0A2-09E9CDFC9943}"
EndProject
Project("{FAE04EC0-301F-11D3-BF4B-00C04F79EFBC}") = "CountIntegers", "RestaurantDiscount\CountIntegers.csproj", "{1A4BBACA-A9E4-4312-A15A-FB2A5241AE67}"
EndProject
Project("{FAE04EC0-301F-11D3-BF4B-00C04F79EFBC}") = "TriangleOfNumbers", "TriangleOfNumbers\TriangleOfNumbers.csproj", "{77BB5D3C-0BD1-408B-B029-70B8FF11F014}"
EndProject
Project("{FAE04EC0-301F-11D3-BF4B-00C04F79EFBC}") = "5DifferentNumbers", "5DifferentNumbers\5DifferentNumbers.csproj", "{C028D9C9-3D78-4747-8801-5EAF3C018E69}"
EndProject
Project("{FAE04EC0-301F-11D3-BF4B-00C04F79EFBC}") = "GameOfNumbers", "GameOfNumbers\GameOfNumbers.csproj", "{7CB356D9-3C26-43D1-BA2C-94E1B95F9B43}"
EndProject
Project("{FAE04EC0-301F-11D3-BF4B-00C04F79EFBC}") = "MagicLetter", "MagicLetter\MagicLetter.csproj", "{F2C461C2-8C2B-4655-AD04-92810F4813D9}"
EndProject
Project("{FAE04EC0-301F-11D3-BF4B-00C04F79EFBC}") = "NeighbourWars", "NeighbourWars\NeighbourWars.csproj", "{A9BCEBD4-FD3B-4688-BE83-E3491F3E8EA5}"
EndProject
Project("{FAE04EC0-301F-11D3-BF4B-00C04F79EFBC}") = "RestaurantDiscount", "RestaurantDiscount\RestaurantDiscount.csproj", "{93F18ED6-DB07-40EA-9EC1-E6DADF3FC27D}"
EndProject
Project("{FAE04EC0-301F-11D3-BF4B-00C04F79EFBC}") = "WordInPlural", "WordInPlural\WordInPlural.csproj", "{7EF5BF9B-EB23-469F-AFB0-2D5CB515AB9A}"
EndProject
Project("{FAE04EC0-301F-11D3-BF4B-00C04F79EFBC}") = "IntervalOfNumbers", "IntervalOfNumbers\IntervalOfNumbers.csproj", "{592750D4-6F2F-4C00-80EC-75E7AB851712}"
EndProject
Project("{FAE04EC0-301F-11D3-BF4B-00C04F79EFBC}") = "CakeIngredients", "CakeIngredients\CakeIngredients.csproj", "{BD118EC2-27DB-4651-92B3-A67C1DAECB61}"
EndProject
Project("{FAE04EC0-301F-11D3-BF4B-00C04F79EFBC}") = "CaloriesCounter", "CaloriesCounter\CaloriesCounter.csproj", "{68510FD8-B8F2-4010-8CCE-5DD95EEFA00C}"
EndProject
Project("{FAE04EC0-301F-11D3-BF4B-00C04F79EFBC}") = "TestNumbers", "TestNumbers\TestNumbers.csproj", "{BD7CB3E9-CD24-415C-B74F-E737F65F466C}"
EndProject
Project("{FAE04EC0-301F-11D3-BF4B-00C04F79EFBC}") = "House", "House\House.csproj", "{9D290E5E-4D6C-4E26-A292-667769BD50B8}"
EndProject
Global
	GlobalSection(SolutionConfigurationPlatforms) = preSolution
		Debug|Any CPU = Debug|Any CPU
		Release|Any CPU = Release|Any CPU
	EndGlobalSection
	GlobalSection(ProjectConfigurationPlatforms) = postSolution
		{FAD96DA7-C586-44DD-A0A2-09E9CDFC9943}.Debug|Any CPU.ActiveCfg = Debug|Any CPU
		{FAD96DA7-C586-44DD-A0A2-09E9CDFC9943}.Debug|Any CPU.Build.0 = Debug|Any CPU
		{FAD96DA7-C586-44DD-A0A2-09E9CDFC9943}.Release|Any CPU.ActiveCfg = Release|Any CPU
		{FAD96DA7-C586-44DD-A0A2-09E9CDFC9943}.Release|Any CPU.Build.0 = Release|Any CPU
		{1A4BBACA-A9E4-4312-A15A-FB2A5241AE67}.Debug|Any CPU.ActiveCfg = Debug|Any CPU
		{1A4BBACA-A9E4-4312-A15A-FB2A5241AE67}.Debug|Any CPU.Build.0 = Debug|Any CPU
		{1A4BBACA-A9E4-4312-A15A-FB2A5241AE67}.Release|Any CPU.ActiveCfg = Release|Any CPU
		{1A4BBACA-A9E4-4312-A15A-FB2A5241AE67}.Release|Any CPU.Build.0 = Release|Any CPU
		{77BB5D3C-0BD1-408B-B029-70B8FF11F014}.Debug|Any CPU.ActiveCfg = Debug|Any CPU
		{77BB5D3C-0BD1-408B-B029-70B8FF11F014}.Debug|Any CPU.Build.0 = Debug|Any CPU
		{77BB5D3C-0BD1-408B-B029-70B8FF11F014}.Release|Any CPU.ActiveCfg = Release|Any CPU
		{77BB5D3C-0BD1-408B-B029-70B8FF11F014}.Release|Any CPU.Build.0 = Release|Any CPU
		{C028D9C9-3D78-4747-8801-5EAF3C018E69}.Debug|Any CPU.ActiveCfg = Debug|Any CPU
		{C028D9C9-3D78-4747-8801-5EAF3C018E69}.Debug|Any CPU.Build.0 = Debug|Any CPU
		{C028D9C9-3D78-4747-8801-5EAF3C018E69}.Release|Any CPU.ActiveCfg = Release|Any CPU
		{C028D9C9-3D78-4747-8801-5EAF3C018E69}.Release|Any CPU.Build.0 = Release|Any CPU
		{7CB356D9-3C26-43D1-BA2C-94E1B95F9B43}.Debug|Any CPU.ActiveCfg = Debug|Any CPU
		{7CB356D9-3C26-43D1-BA2C-94E1B95F9B43}.Debug|Any CPU.Build.0 = Debug|Any CPU
		{7CB356D9-3C26-43D1-BA2C-94E1B95F9B43}.Release|Any CPU.ActiveCfg = Release|Any CPU
		{7CB356D9-3C26-43D1-BA2C-94E1B95F9B43}.Release|Any CPU.Build.0 = Release|Any CPU
		{F2C461C2-8C2B-4655-AD04-92810F4813D9}.Debug|Any CPU.ActiveCfg = Debug|Any CPU
		{F2C461C2-8C2B-4655-AD04-92810F4813D9}.Debug|Any CPU.Build.0 = Debug|Any CPU
		{F2C461C2-8C2B-4655-AD04-92810F4813D9}.Release|Any CPU.ActiveCfg = Release|Any CPU
		{F2C461C2-8C2B-4655-AD04-92810F4813D9}.Release|Any CPU.Build.0 = Release|Any CPU
		{A9BCEBD4-FD3B-4688-BE83-E3491F3E8EA5}.Debug|Any CPU.ActiveCfg = Debug|Any CPU
		{A9BCEBD4-FD3B-4688-BE83-E3491F3E8EA5}.Debug|Any CPU.Build.0 = Debug|Any CPU
		{A9BCEBD4-FD3B-4688-BE83-E3491F3E8EA5}.Release|Any CPU.ActiveCfg = Release|Any CPU
		{A9BCEBD4-FD3B-4688-BE83-E3491F3E8EA5}.Release|Any CPU.Build.0 = Release|Any CPU
		{93F18ED6-DB07-40EA-9EC1-E6DADF3FC27D}.Debug|Any CPU.ActiveCfg = Debug|Any CPU
		{93F18ED6-DB07-40EA-9EC1-E6DADF3FC27D}.Debug|Any CPU.Build.0 = Debug|Any CPU
		{93F18ED6-DB07-40EA-9EC1-E6DADF3FC27D}.Release|Any CPU.ActiveCfg = Release|Any CPU
		{93F18ED6-DB07-40EA-9EC1-E6DADF3FC27D}.Release|Any CPU.Build.0 = Release|Any CPU
		{7EF5BF9B-EB23-469F-AFB0-2D5CB515AB9A}.Debug|Any CPU.ActiveCfg = Debug|Any CPU
		{7EF5BF9B-EB23-469F-AFB0-2D5CB515AB9A}.Debug|Any CPU.Build.0 = Debug|Any CPU
		{7EF5BF9B-EB23-469F-AFB0-2D5CB515AB9A}.Release|Any CPU.ActiveCfg = Release|Any CPU
		{7EF5BF9B-EB23-469F-AFB0-2D5CB515AB9A}.Release|Any CPU.Build.0 = Release|Any CPU
		{592750D4-6F2F-4C00-80EC-75E7AB851712}.Debug|Any CPU.ActiveCfg = Debug|Any CPU
		{592750D4-6F2F-4C00-80EC-75E7AB851712}.Debug|Any CPU.Build.0 = Debug|Any CPU
		{592750D4-6F2F-4C00-80EC-75E7AB851712}.Release|Any CPU.ActiveCfg = Release|Any CPU
		{592750D4-6F2F-4C00-80EC-75E7AB851712}.Release|Any CPU.Build.0 = Release|Any CPU
		{BD118EC2-27DB-4651-92B3-A67C1DAECB61}.Debug|Any CPU.ActiveCfg = Debug|Any CPU
		{BD118EC2-27DB-4651-92B3-A67C1DAECB61}.Debug|Any CPU.Build.0 = Debug|Any CPU
		{BD118EC2-27DB-4651-92B3-A67C1DAECB61}.Release|Any CPU.ActiveCfg = Release|Any CPU
		{BD118EC2-27DB-4651-92B3-A67C1DAECB61}.Release|Any CPU.Build.0 = Release|Any CPU
		{68510FD8-B8F2-4010-8CCE-5DD95EEFA00C}.Debug|Any CPU.ActiveCfg = Debug|Any CPU
		{68510FD8-B8F2-4010-8CCE-5DD95EEFA00C}.Debug|Any CPU.Build.0 = Debug|Any CPU
		{68510FD8-B8F2-4010-8CCE-5DD95EEFA00C}.Release|Any CPU.ActiveCfg = Release|Any CPU
		{68510FD8-B8F2-4010-8CCE-5DD95EEFA00C}.Release|Any CPU.Build.0 = Release|Any CPU
		{BD7CB3E9-CD24-415C-B74F-E737F65F466C}.Debug|Any CPU.ActiveCfg = Debug|Any CPU
		{BD7CB3E9-CD24-415C-B74F-E737F65F466C}.Debug|Any CPU.Build.0 = Debug|Any CPU
		{BD7CB3E9-CD24-415C-B74F-E737F65F466C}.Release|Any CPU.ActiveCfg = Release|Any CPU
		{BD7CB3E9-CD24-415C-B74F-E737F65F466C}.Release|Any CPU.Build.0 = Release|Any CPU
		{9D290E5E-4D6C-4E26-A292-667769BD50B8}.Debug|Any CPU.ActiveCfg = Debug|Any CPU
		{9D290E5E-4D6C-4E26-A292-667769BD50B8}.Debug|Any CPU.Build.0 = Debug|Any CPU
		{9D290E5E-4D6C-4E26-A292-667769BD50B8}.Release|Any CPU.ActiveCfg = Release|Any CPU
		{9D290E5E-4D6C-4E26-A292-667769BD50B8}.Release|Any CPU.Build.0 = Release|Any CPU
	EndGlobalSection
	GlobalSection(SolutionProperties) = preSolution
		HideSolutionNode = FALSE
	EndGlobalSection
	GlobalSection(ExtensibilityGlobals) = postSolution
		SolutionGuid = {26060E88-BB8B-4250-89CA-D4AF7FA266E1}
	EndGlobalSection
EndGlobal
