
Microsoft Visual Studio Solution File, Format Version 12.00
# Visual Studio 15
VisualStudioVersion = 15.0.27130.2024
MinimumVisualStudioVersion = 10.0.40219.1
Project("{9A19103F-16F7-4668-BE54-9A1E7A4F7556}") = "Tester", "Tester\Tester.csproj", "{C5EFC7E0-6A49-4F8A-B7DC-598EA0DBB6B1}"
EndProject
Project("{FAE04EC0-301F-11D3-BF4B-00C04F79EFBC}") = "HitList", "HitList\HitList.csproj", "{FC7DF884-6653-4EE7-AF2F-D513314C3730}"
EndProject
Project("{FAE04EC0-301F-11D3-BF4B-00C04F79EFBC}") = "CryptoBlockchain", "CryptoBlockchain\CryptoBlockchain.csproj", "{B8CCC2C4-18F4-469B-8A35-3D7E0B6C384B}"
EndProject
Project("{FAE04EC0-301F-11D3-BF4B-00C04F79EFBC}") = "KeyRevolver", "KeyRevolver\KeyRevolver.csproj", "{461B501C-1141-4878-B465-B075317E348F}"
EndProject
Project("{FAE04EC0-301F-11D3-BF4B-00C04F79EFBC}") = "Sneaking", "Sneaking\Sneaking.csproj", "{37B7E970-7634-42DF-98F9-B9D3315226FA}"
EndProject
Global
	GlobalSection(SolutionConfigurationPlatforms) = preSolution
		Debug|Any CPU = Debug|Any CPU
		Release|Any CPU = Release|Any CPU
	EndGlobalSection
	GlobalSection(ProjectConfigurationPlatforms) = postSolution
		{C5EFC7E0-6A49-4F8A-B7DC-598EA0DBB6B1}.Debug|Any CPU.ActiveCfg = Debug|Any CPU
		{C5EFC7E0-6A49-4F8A-B7DC-598EA0DBB6B1}.Debug|Any CPU.Build.0 = Debug|Any CPU
		{C5EFC7E0-6A49-4F8A-B7DC-598EA0DBB6B1}.Release|Any CPU.ActiveCfg = Release|Any CPU
		{C5EFC7E0-6A49-4F8A-B7DC-598EA0DBB6B1}.Release|Any CPU.Build.0 = Release|Any CPU
		{FC7DF884-6653-4EE7-AF2F-D513314C3730}.Debug|Any CPU.ActiveCfg = Debug|Any CPU
		{FC7DF884-6653-4EE7-AF2F-D513314C3730}.Debug|Any CPU.Build.0 = Debug|Any CPU
		{FC7DF884-6653-4EE7-AF2F-D513314C3730}.Release|Any CPU.ActiveCfg = Release|Any CPU
		{FC7DF884-6653-4EE7-AF2F-D513314C3730}.Release|Any CPU.Build.0 = Release|Any CPU
		{B8CCC2C4-18F4-469B-8A35-3D7E0B6C384B}.Debug|Any CPU.ActiveCfg = Debug|Any CPU
		{B8CCC2C4-18F4-469B-8A35-3D7E0B6C384B}.Debug|Any CPU.Build.0 = Debug|Any CPU
		{B8CCC2C4-18F4-469B-8A35-3D7E0B6C384B}.Release|Any CPU.ActiveCfg = Release|Any CPU
		{B8CCC2C4-18F4-469B-8A35-3D7E0B6C384B}.Release|Any CPU.Build.0 = Release|Any CPU
		{461B501C-1141-4878-B465-B075317E348F}.Debug|Any CPU.ActiveCfg = Debug|Any CPU
		{461B501C-1141-4878-B465-B075317E348F}.Debug|Any CPU.Build.0 = Debug|Any CPU
		{461B501C-1141-4878-B465-B075317E348F}.Release|Any CPU.ActiveCfg = Release|Any CPU
		{461B501C-1141-4878-B465-B075317E348F}.Release|Any CPU.Build.0 = Release|Any CPU
		{37B7E970-7634-42DF-98F9-B9D3315226FA}.Debug|Any CPU.ActiveCfg = Debug|Any CPU
		{37B7E970-7634-42DF-98F9-B9D3315226FA}.Debug|Any CPU.Build.0 = Debug|Any CPU
		{37B7E970-7634-42DF-98F9-B9D3315226FA}.Release|Any CPU.ActiveCfg = Release|Any CPU
		{37B7E970-7634-42DF-98F9-B9D3315226FA}.Release|Any CPU.Build.0 = Release|Any CPU
	EndGlobalSection
	GlobalSection(SolutionProperties) = preSolution
		HideSolutionNode = FALSE
	EndGlobalSection
	GlobalSection(ExtensibilityGlobals) = postSolution
		SolutionGuid = {46188563-88B5-4BBB-BF32-75F08EE1A404}
	EndGlobalSection
EndGlobal
