
Microsoft Visual Studio Solution File, Format Version 12.00
# Visual Studio 15
VisualStudioVersion = 15.0.26730.16
MinimumVisualStudioVersion = 10.0.40219.1
Project("{FAE04EC0-301F-11D3-BF4B-00C04F79EFBC}") = "HelloName", "Methods\HelloName.csproj", "{2F278321-C4B1-492B-9064-A4B45E2DF1CE}"
EndProject
Project("{FAE04EC0-301F-11D3-BF4B-00C04F79EFBC}") = "MaxMethod", "MaxMethod\MaxMethod.csproj", "{D7D6B0E9-2618-4B8B-BEDF-162DE063D094}"
EndProject
Project("{FAE04EC0-301F-11D3-BF4B-00C04F79EFBC}") = "EnglishNameLastDigit", "EnglishNameLastDigit\EnglishNameLastDigit.csproj", "{F3521130-0A4C-43BC-9A63-4B0F01B0D5CE}"
EndProject
Project("{FAE04EC0-301F-11D3-BF4B-00C04F79EFBC}") = "NumbersInReversedOrder", "NumbersInReversedOrder\NumbersInReversedOrder.csproj", "{F0CF1988-FD65-400A-9274-02E77E6FA830}"
EndProject
Project("{FAE04EC0-301F-11D3-BF4B-00C04F79EFBC}") = "FibonacciNumbers", "FibonacciNumbers\FibonacciNumbers.csproj", "{32A84E2F-6679-439E-9F35-EDE08BBEA104}"
EndProject
Project("{FAE04EC0-301F-11D3-BF4B-00C04F79EFBC}") = "PrimeChecker", "PrimeChecker\PrimeChecker.csproj", "{A274F0F7-1F0B-4259-9BE4-8ACC4DD2CC0D}"
EndProject
Project("{FAE04EC0-301F-11D3-BF4B-00C04F79EFBC}") = "PrimesInGivenRange", "PrimesInGivenRange\PrimesInGivenRange.csproj", "{3497A426-E05B-4DE4-94F7-28225EAE26C2}"
EndProject
Project("{FAE04EC0-301F-11D3-BF4B-00C04F79EFBC}") = "GeometryCalculator", "GeometryCalculator\GeometryCalculator.csproj", "{B2FC94F5-EC76-4A4A-A01A-2095EA26F1ED}"
EndProject
Project("{FAE04EC0-301F-11D3-BF4B-00C04F79EFBC}") = "Factorial", "Factorial\Factorial.csproj", "{09BC53CC-FD28-43F6-BD01-6D32A5B25CF3}"
EndProject
Project("{FAE04EC0-301F-11D3-BF4B-00C04F79EFBC}") = "FactorialTrailingZeroes", "FactorialTrailingZeroes\FactorialTrailingZeroes.csproj", "{C712F4E4-60AD-4F54-850F-7CF77EF6A97B}"
EndProject
Project("{FAE04EC0-301F-11D3-BF4B-00C04F79EFBC}") = "CenterPoint", "CenterPoint\CenterPoint.csproj", "{43EFDCC7-8152-460D-8FE1-F3BEAED66926}"
EndProject
Project("{FAE04EC0-301F-11D3-BF4B-00C04F79EFBC}") = "LongerLine", "LongerLine\LongerLine.csproj", "{32A244AB-ED40-4A6C-AF25-957931C0162F}"
EndProject
Project("{FAE04EC0-301F-11D3-BF4B-00C04F79EFBC}") = "MasterNumbers", "MasterNumbers\MasterNumbers.csproj", "{17FCC226-D854-45EA-BC2E-4262F0F52FFF}"
EndProject
Project("{FAE04EC0-301F-11D3-BF4B-00C04F79EFBC}") = "CubeProperties", "CubeProperties\CubeProperties.csproj", "{27CABF6D-0C33-47A8-80CF-79F5B33C52B0}"
EndProject
Project("{FAE04EC0-301F-11D3-BF4B-00C04F79EFBC}") = "InstructionSet", "InstructionSet\InstructionSet.csproj", "{48E3148E-FD9D-45E1-9DFC-0700C727E344}"
EndProject
Project("{FAE04EC0-301F-11D3-BF4B-00C04F79EFBC}") = "Substring", "Substring\Substring.csproj", "{E95AD2E0-644C-404D-8F4E-74EA33F8BE20}"
EndProject
Global
	GlobalSection(SolutionConfigurationPlatforms) = preSolution
		Debug|Any CPU = Debug|Any CPU
		Release|Any CPU = Release|Any CPU
	EndGlobalSection
	GlobalSection(ProjectConfigurationPlatforms) = postSolution
		{2F278321-C4B1-492B-9064-A4B45E2DF1CE}.Debug|Any CPU.ActiveCfg = Debug|Any CPU
		{2F278321-C4B1-492B-9064-A4B45E2DF1CE}.Debug|Any CPU.Build.0 = Debug|Any CPU
		{2F278321-C4B1-492B-9064-A4B45E2DF1CE}.Release|Any CPU.ActiveCfg = Release|Any CPU
		{2F278321-C4B1-492B-9064-A4B45E2DF1CE}.Release|Any CPU.Build.0 = Release|Any CPU
		{D7D6B0E9-2618-4B8B-BEDF-162DE063D094}.Debug|Any CPU.ActiveCfg = Debug|Any CPU
		{D7D6B0E9-2618-4B8B-BEDF-162DE063D094}.Debug|Any CPU.Build.0 = Debug|Any CPU
		{D7D6B0E9-2618-4B8B-BEDF-162DE063D094}.Release|Any CPU.ActiveCfg = Release|Any CPU
		{D7D6B0E9-2618-4B8B-BEDF-162DE063D094}.Release|Any CPU.Build.0 = Release|Any CPU
		{F3521130-0A4C-43BC-9A63-4B0F01B0D5CE}.Debug|Any CPU.ActiveCfg = Debug|Any CPU
		{F3521130-0A4C-43BC-9A63-4B0F01B0D5CE}.Debug|Any CPU.Build.0 = Debug|Any CPU
		{F3521130-0A4C-43BC-9A63-4B0F01B0D5CE}.Release|Any CPU.ActiveCfg = Release|Any CPU
		{F3521130-0A4C-43BC-9A63-4B0F01B0D5CE}.Release|Any CPU.Build.0 = Release|Any CPU
		{F0CF1988-FD65-400A-9274-02E77E6FA830}.Debug|Any CPU.ActiveCfg = Debug|Any CPU
		{F0CF1988-FD65-400A-9274-02E77E6FA830}.Debug|Any CPU.Build.0 = Debug|Any CPU
		{F0CF1988-FD65-400A-9274-02E77E6FA830}.Release|Any CPU.ActiveCfg = Release|Any CPU
		{F0CF1988-FD65-400A-9274-02E77E6FA830}.Release|Any CPU.Build.0 = Release|Any CPU
		{32A84E2F-6679-439E-9F35-EDE08BBEA104}.Debug|Any CPU.ActiveCfg = Debug|Any CPU
		{32A84E2F-6679-439E-9F35-EDE08BBEA104}.Debug|Any CPU.Build.0 = Debug|Any CPU
		{32A84E2F-6679-439E-9F35-EDE08BBEA104}.Release|Any CPU.ActiveCfg = Release|Any CPU
		{32A84E2F-6679-439E-9F35-EDE08BBEA104}.Release|Any CPU.Build.0 = Release|Any CPU
		{A274F0F7-1F0B-4259-9BE4-8ACC4DD2CC0D}.Debug|Any CPU.ActiveCfg = Debug|Any CPU
		{A274F0F7-1F0B-4259-9BE4-8ACC4DD2CC0D}.Debug|Any CPU.Build.0 = Debug|Any CPU
		{A274F0F7-1F0B-4259-9BE4-8ACC4DD2CC0D}.Release|Any CPU.ActiveCfg = Release|Any CPU
		{A274F0F7-1F0B-4259-9BE4-8ACC4DD2CC0D}.Release|Any CPU.Build.0 = Release|Any CPU
		{3497A426-E05B-4DE4-94F7-28225EAE26C2}.Debug|Any CPU.ActiveCfg = Debug|Any CPU
		{3497A426-E05B-4DE4-94F7-28225EAE26C2}.Debug|Any CPU.Build.0 = Debug|Any CPU
		{3497A426-E05B-4DE4-94F7-28225EAE26C2}.Release|Any CPU.ActiveCfg = Release|Any CPU
		{3497A426-E05B-4DE4-94F7-28225EAE26C2}.Release|Any CPU.Build.0 = Release|Any CPU
		{B2FC94F5-EC76-4A4A-A01A-2095EA26F1ED}.Debug|Any CPU.ActiveCfg = Debug|Any CPU
		{B2FC94F5-EC76-4A4A-A01A-2095EA26F1ED}.Debug|Any CPU.Build.0 = Debug|Any CPU
		{B2FC94F5-EC76-4A4A-A01A-2095EA26F1ED}.Release|Any CPU.ActiveCfg = Release|Any CPU
		{B2FC94F5-EC76-4A4A-A01A-2095EA26F1ED}.Release|Any CPU.Build.0 = Release|Any CPU
		{09BC53CC-FD28-43F6-BD01-6D32A5B25CF3}.Debug|Any CPU.ActiveCfg = Debug|Any CPU
		{09BC53CC-FD28-43F6-BD01-6D32A5B25CF3}.Debug|Any CPU.Build.0 = Debug|Any CPU
		{09BC53CC-FD28-43F6-BD01-6D32A5B25CF3}.Release|Any CPU.ActiveCfg = Release|Any CPU
		{09BC53CC-FD28-43F6-BD01-6D32A5B25CF3}.Release|Any CPU.Build.0 = Release|Any CPU
		{C712F4E4-60AD-4F54-850F-7CF77EF6A97B}.Debug|Any CPU.ActiveCfg = Debug|Any CPU
		{C712F4E4-60AD-4F54-850F-7CF77EF6A97B}.Debug|Any CPU.Build.0 = Debug|Any CPU
		{C712F4E4-60AD-4F54-850F-7CF77EF6A97B}.Release|Any CPU.ActiveCfg = Release|Any CPU
		{C712F4E4-60AD-4F54-850F-7CF77EF6A97B}.Release|Any CPU.Build.0 = Release|Any CPU
		{43EFDCC7-8152-460D-8FE1-F3BEAED66926}.Debug|Any CPU.ActiveCfg = Debug|Any CPU
		{43EFDCC7-8152-460D-8FE1-F3BEAED66926}.Debug|Any CPU.Build.0 = Debug|Any CPU
		{43EFDCC7-8152-460D-8FE1-F3BEAED66926}.Release|Any CPU.ActiveCfg = Release|Any CPU
		{43EFDCC7-8152-460D-8FE1-F3BEAED66926}.Release|Any CPU.Build.0 = Release|Any CPU
		{32A244AB-ED40-4A6C-AF25-957931C0162F}.Debug|Any CPU.ActiveCfg = Debug|Any CPU
		{32A244AB-ED40-4A6C-AF25-957931C0162F}.Debug|Any CPU.Build.0 = Debug|Any CPU
		{32A244AB-ED40-4A6C-AF25-957931C0162F}.Release|Any CPU.ActiveCfg = Release|Any CPU
		{32A244AB-ED40-4A6C-AF25-957931C0162F}.Release|Any CPU.Build.0 = Release|Any CPU
		{17FCC226-D854-45EA-BC2E-4262F0F52FFF}.Debug|Any CPU.ActiveCfg = Debug|Any CPU
		{17FCC226-D854-45EA-BC2E-4262F0F52FFF}.Debug|Any CPU.Build.0 = Debug|Any CPU
		{17FCC226-D854-45EA-BC2E-4262F0F52FFF}.Release|Any CPU.ActiveCfg = Release|Any CPU
		{17FCC226-D854-45EA-BC2E-4262F0F52FFF}.Release|Any CPU.Build.0 = Release|Any CPU
		{27CABF6D-0C33-47A8-80CF-79F5B33C52B0}.Debug|Any CPU.ActiveCfg = Debug|Any CPU
		{27CABF6D-0C33-47A8-80CF-79F5B33C52B0}.Debug|Any CPU.Build.0 = Debug|Any CPU
		{27CABF6D-0C33-47A8-80CF-79F5B33C52B0}.Release|Any CPU.ActiveCfg = Release|Any CPU
		{27CABF6D-0C33-47A8-80CF-79F5B33C52B0}.Release|Any CPU.Build.0 = Release|Any CPU
		{48E3148E-FD9D-45E1-9DFC-0700C727E344}.Debug|Any CPU.ActiveCfg = Debug|Any CPU
		{48E3148E-FD9D-45E1-9DFC-0700C727E344}.Debug|Any CPU.Build.0 = Debug|Any CPU
		{48E3148E-FD9D-45E1-9DFC-0700C727E344}.Release|Any CPU.ActiveCfg = Release|Any CPU
		{48E3148E-FD9D-45E1-9DFC-0700C727E344}.Release|Any CPU.Build.0 = Release|Any CPU
		{E95AD2E0-644C-404D-8F4E-74EA33F8BE20}.Debug|Any CPU.ActiveCfg = Debug|Any CPU
		{E95AD2E0-644C-404D-8F4E-74EA33F8BE20}.Debug|Any CPU.Build.0 = Debug|Any CPU
		{E95AD2E0-644C-404D-8F4E-74EA33F8BE20}.Release|Any CPU.ActiveCfg = Release|Any CPU
		{E95AD2E0-644C-404D-8F4E-74EA33F8BE20}.Release|Any CPU.Build.0 = Release|Any CPU
	EndGlobalSection
	GlobalSection(SolutionProperties) = preSolution
		HideSolutionNode = FALSE
	EndGlobalSection
	GlobalSection(ExtensibilityGlobals) = postSolution
		SolutionGuid = {5B8694F4-5F99-4585-B629-F7733DBB203E}
	EndGlobalSection
EndGlobal
