
Microsoft Visual Studio Solution File, Format Version 12.00
# Visual Studio 15
VisualStudioVersion = 15.0.28010.2048
MinimumVisualStudioVersion = 10.0.40219.1
Project("{9A19103F-16F7-4668-BE54-9A1E7A4F7556}") = "Hospital", "Hospital\Hospital.csproj", "{08EB6B66-E529-48C5-AB40-EC55B777498F}"
EndProject
Project("{FAE04EC0-301F-11D3-BF4B-00C04F79EFBC}") = "SalesDatabase", "SalesDatabase\SalesDatabase.csproj", "{A8703309-9D9B-4D37-8A3F-D3F6C73BAF59}"
EndProject
Global
	GlobalSection(SolutionConfigurationPlatforms) = preSolution
		Debug|Any CPU = Debug|Any CPU
		Release|Any CPU = Release|Any CPU
	EndGlobalSection
	GlobalSection(ProjectConfigurationPlatforms) = postSolution
		{08EB6B66-E529-48C5-AB40-EC55B777498F}.Debug|Any CPU.ActiveCfg = Debug|Any CPU
		{08EB6B66-E529-48C5-AB40-EC55B777498F}.Debug|Any CPU.Build.0 = Debug|Any CPU
		{08EB6B66-E529-48C5-AB40-EC55B777498F}.Release|Any CPU.ActiveCfg = Release|Any CPU
		{08EB6B66-E529-48C5-AB40-EC55B777498F}.Release|Any CPU.Build.0 = Release|Any CPU
		{A8703309-9D9B-4D37-8A3F-D3F6C73BAF59}.Debug|Any CPU.ActiveCfg = Debug|Any CPU
		{A8703309-9D9B-4D37-8A3F-D3F6C73BAF59}.Debug|Any CPU.Build.0 = Debug|Any CPU
		{A8703309-9D9B-4D37-8A3F-D3F6C73BAF59}.Release|Any CPU.ActiveCfg = Release|Any CPU
		{A8703309-9D9B-4D37-8A3F-D3F6C73BAF59}.Release|Any CPU.Build.0 = Release|Any CPU
	EndGlobalSection
	GlobalSection(SolutionProperties) = preSolution
		HideSolutionNode = FALSE
	EndGlobalSection
	GlobalSection(ExtensibilityGlobals) = postSolution
		SolutionGuid = {6B812DE6-F4B8-4744-833E-982A8CAA01C2}
	EndGlobalSection
EndGlobal
