
Microsoft Visual Studio Solution File, Format Version 12.00
# Visual Studio 15
VisualStudioVersion = 15.0.27130.2024
MinimumVisualStudioVersion = 10.0.40219.1
Project("{9A19103F-16F7-4668-BE54-9A1E7A4F7556}") = "OddLines", "OddLines\OddLines.csproj", "{21F7FF4E-5662-4131-8574-7CB1D4E419AF}"
EndProject
Project("{9A19103F-16F7-4668-BE54-9A1E7A4F7556}") = "LineNumbers", "LineNumbers\LineNumbers.csproj", "{6BDD9E67-0AB8-44F3-A639-1AB3DD91FEE7}"
EndProject
Project("{9A19103F-16F7-4668-BE54-9A1E7A4F7556}") = "WordCount", "WordCount\WordCount.csproj", "{3E79052C-FE1A-48F9-A764-306FC83CF605}"
EndProject
Project("{9A19103F-16F7-4668-BE54-9A1E7A4F7556}") = "CopyBinaryFile", "CopyBinaryFile\CopyBinaryFile.csproj", "{880819F1-E3D5-4BB8-A486-B1E0F66909A6}"
EndProject
Project("{9A19103F-16F7-4668-BE54-9A1E7A4F7556}") = "SlicingFile", "SlicingFile\SlicingFile.csproj", "{EB1AE09F-372D-45E4-A17F-A909210BC9F7}"
EndProject
Project("{FAE04EC0-301F-11D3-BF4B-00C04F79EFBC}") = "ZippingSlicedFiles", "ZippingSlicedFiles\ZippingSlicedFiles.csproj", "{528FEA6A-E5F2-4DF3-BE18-F285A5AA7E9B}"
EndProject
Project("{FAE04EC0-301F-11D3-BF4B-00C04F79EFBC}") = "DirectoryTraversal", "DirectoryTraversal\DirectoryTraversal.csproj", "{2B6802E0-2B74-424E-85A6-D370EA723739}"
EndProject
Global
	GlobalSection(SolutionConfigurationPlatforms) = preSolution
		Debug|Any CPU = Debug|Any CPU
		Release|Any CPU = Release|Any CPU
	EndGlobalSection
	GlobalSection(ProjectConfigurationPlatforms) = postSolution
		{21F7FF4E-5662-4131-8574-7CB1D4E419AF}.Debug|Any CPU.ActiveCfg = Debug|Any CPU
		{21F7FF4E-5662-4131-8574-7CB1D4E419AF}.Debug|Any CPU.Build.0 = Debug|Any CPU
		{21F7FF4E-5662-4131-8574-7CB1D4E419AF}.Release|Any CPU.ActiveCfg = Release|Any CPU
		{21F7FF4E-5662-4131-8574-7CB1D4E419AF}.Release|Any CPU.Build.0 = Release|Any CPU
		{6BDD9E67-0AB8-44F3-A639-1AB3DD91FEE7}.Debug|Any CPU.ActiveCfg = Debug|Any CPU
		{6BDD9E67-0AB8-44F3-A639-1AB3DD91FEE7}.Debug|Any CPU.Build.0 = Debug|Any CPU
		{6BDD9E67-0AB8-44F3-A639-1AB3DD91FEE7}.Release|Any CPU.ActiveCfg = Release|Any CPU
		{6BDD9E67-0AB8-44F3-A639-1AB3DD91FEE7}.Release|Any CPU.Build.0 = Release|Any CPU
		{3E79052C-FE1A-48F9-A764-306FC83CF605}.Debug|Any CPU.ActiveCfg = Debug|Any CPU
		{3E79052C-FE1A-48F9-A764-306FC83CF605}.Debug|Any CPU.Build.0 = Debug|Any CPU
		{3E79052C-FE1A-48F9-A764-306FC83CF605}.Release|Any CPU.ActiveCfg = Release|Any CPU
		{3E79052C-FE1A-48F9-A764-306FC83CF605}.Release|Any CPU.Build.0 = Release|Any CPU
		{880819F1-E3D5-4BB8-A486-B1E0F66909A6}.Debug|Any CPU.ActiveCfg = Debug|Any CPU
		{880819F1-E3D5-4BB8-A486-B1E0F66909A6}.Debug|Any CPU.Build.0 = Debug|Any CPU
		{880819F1-E3D5-4BB8-A486-B1E0F66909A6}.Release|Any CPU.ActiveCfg = Release|Any CPU
		{880819F1-E3D5-4BB8-A486-B1E0F66909A6}.Release|Any CPU.Build.0 = Release|Any CPU
		{EB1AE09F-372D-45E4-A17F-A909210BC9F7}.Debug|Any CPU.ActiveCfg = Debug|Any CPU
		{EB1AE09F-372D-45E4-A17F-A909210BC9F7}.Debug|Any CPU.Build.0 = Debug|Any CPU
		{EB1AE09F-372D-45E4-A17F-A909210BC9F7}.Release|Any CPU.ActiveCfg = Release|Any CPU
		{EB1AE09F-372D-45E4-A17F-A909210BC9F7}.Release|Any CPU.Build.0 = Release|Any CPU
		{528FEA6A-E5F2-4DF3-BE18-F285A5AA7E9B}.Debug|Any CPU.ActiveCfg = Debug|Any CPU
		{528FEA6A-E5F2-4DF3-BE18-F285A5AA7E9B}.Debug|Any CPU.Build.0 = Debug|Any CPU
		{528FEA6A-E5F2-4DF3-BE18-F285A5AA7E9B}.Release|Any CPU.ActiveCfg = Release|Any CPU
		{528FEA6A-E5F2-4DF3-BE18-F285A5AA7E9B}.Release|Any CPU.Build.0 = Release|Any CPU
		{2B6802E0-2B74-424E-85A6-D370EA723739}.Debug|Any CPU.ActiveCfg = Debug|Any CPU
		{2B6802E0-2B74-424E-85A6-D370EA723739}.Debug|Any CPU.Build.0 = Debug|Any CPU
		{2B6802E0-2B74-424E-85A6-D370EA723739}.Release|Any CPU.ActiveCfg = Release|Any CPU
		{2B6802E0-2B74-424E-85A6-D370EA723739}.Release|Any CPU.Build.0 = Release|Any CPU
	EndGlobalSection
	GlobalSection(SolutionProperties) = preSolution
		HideSolutionNode = FALSE
	EndGlobalSection
	GlobalSection(ExtensibilityGlobals) = postSolution
		SolutionGuid = {7943C3C9-FD6F-4941-8BC8-06A5C76C5D74}
	EndGlobalSection
EndGlobal
