
Microsoft Visual Studio Solution File, Format Version 12.00
# Visual Studio 15
VisualStudioVersion = 15.0.27130.2024
MinimumVisualStudioVersion = 10.0.40219.1
Project("{9A19103F-16F7-4668-BE54-9A1E7A4F7556}") = "Hospital", "Hospital\Hospital.csproj", "{BA410AAC-BB23-4F3B-B236-66B6E5183F4C}"
EndProject
Project("{9A19103F-16F7-4668-BE54-9A1E7A4F7556}") = "Tester", "Tester\Tester.csproj", "{84E0E5D1-94AE-404C-9EAF-7648471312BA}"
EndProject
Project("{9A19103F-16F7-4668-BE54-9A1E7A4F7556}") = "NumberWars", "NumberWars\NumberWars.csproj", "{358DDE3D-99DE-4080-B96E-AD0461FE3B9D}"
EndProject
Project("{FAE04EC0-301F-11D3-BF4B-00C04F79EFBC}") = "KnightGame", "KnightGame\KnightGame.csproj", "{CEC6E936-1C01-48D0-A7A9-0F58FCB56FD6}"
EndProject
Global
	GlobalSection(SolutionConfigurationPlatforms) = preSolution
		Debug|Any CPU = Debug|Any CPU
		Release|Any CPU = Release|Any CPU
	EndGlobalSection
	GlobalSection(ProjectConfigurationPlatforms) = postSolution
		{BA410AAC-BB23-4F3B-B236-66B6E5183F4C}.Debug|Any CPU.ActiveCfg = Debug|Any CPU
		{BA410AAC-BB23-4F3B-B236-66B6E5183F4C}.Debug|Any CPU.Build.0 = Debug|Any CPU
		{BA410AAC-BB23-4F3B-B236-66B6E5183F4C}.Release|Any CPU.ActiveCfg = Release|Any CPU
		{BA410AAC-BB23-4F3B-B236-66B6E5183F4C}.Release|Any CPU.Build.0 = Release|Any CPU
		{84E0E5D1-94AE-404C-9EAF-7648471312BA}.Debug|Any CPU.ActiveCfg = Debug|Any CPU
		{84E0E5D1-94AE-404C-9EAF-7648471312BA}.Debug|Any CPU.Build.0 = Debug|Any CPU
		{84E0E5D1-94AE-404C-9EAF-7648471312BA}.Release|Any CPU.ActiveCfg = Release|Any CPU
		{84E0E5D1-94AE-404C-9EAF-7648471312BA}.Release|Any CPU.Build.0 = Release|Any CPU
		{358DDE3D-99DE-4080-B96E-AD0461FE3B9D}.Debug|Any CPU.ActiveCfg = Debug|Any CPU
		{358DDE3D-99DE-4080-B96E-AD0461FE3B9D}.Debug|Any CPU.Build.0 = Debug|Any CPU
		{358DDE3D-99DE-4080-B96E-AD0461FE3B9D}.Release|Any CPU.ActiveCfg = Release|Any CPU
		{358DDE3D-99DE-4080-B96E-AD0461FE3B9D}.Release|Any CPU.Build.0 = Release|Any CPU
		{CEC6E936-1C01-48D0-A7A9-0F58FCB56FD6}.Debug|Any CPU.ActiveCfg = Debug|Any CPU
		{CEC6E936-1C01-48D0-A7A9-0F58FCB56FD6}.Debug|Any CPU.Build.0 = Debug|Any CPU
		{CEC6E936-1C01-48D0-A7A9-0F58FCB56FD6}.Release|Any CPU.ActiveCfg = Release|Any CPU
		{CEC6E936-1C01-48D0-A7A9-0F58FCB56FD6}.Release|Any CPU.Build.0 = Release|Any CPU
	EndGlobalSection
	GlobalSection(SolutionProperties) = preSolution
		HideSolutionNode = FALSE
	EndGlobalSection
	GlobalSection(ExtensibilityGlobals) = postSolution
		SolutionGuid = {F9CDCADB-8C94-4874-86FA-675F48DE56ED}
	EndGlobalSection
EndGlobal
