
Microsoft Visual Studio Solution File, Format Version 12.00
# Visual Studio 15
VisualStudioVersion = 15.0.27130.2024
MinimumVisualStudioVersion = 10.0.40219.1
Project("{FAE04EC0-301F-11D3-BF4B-00C04F79EFBC}") = "MineDraft", "MineDraft\MineDraft.csproj", "{5912F00F-EAF5-496C-B26E-F15E0B6C6347}"
EndProject
Global
	GlobalSection(SolutionConfigurationPlatforms) = preSolution
		Debug|Any CPU = Debug|Any CPU
		Release|Any CPU = Release|Any CPU
	EndGlobalSection
	GlobalSection(ProjectConfigurationPlatforms) = postSolution
		{5912F00F-EAF5-496C-B26E-F15E0B6C6347}.Debug|Any CPU.ActiveCfg = Debug|Any CPU
		{5912F00F-EAF5-496C-B26E-F15E0B6C6347}.Debug|Any CPU.Build.0 = Debug|Any CPU
		{5912F00F-EAF5-496C-B26E-F15E0B6C6347}.Release|Any CPU.ActiveCfg = Release|Any CPU
		{5912F00F-EAF5-496C-B26E-F15E0B6C6347}.Release|Any CPU.Build.0 = Release|Any CPU
	EndGlobalSection
	GlobalSection(SolutionProperties) = preSolution
		HideSolutionNode = FALSE
	EndGlobalSection
	GlobalSection(ExtensibilityGlobals) = postSolution
		SolutionGuid = {FACE0391-DF7B-4CD5-B474-AF9CC9D473BA}
	EndGlobalSection
EndGlobal
