
Microsoft Visual Studio Solution File, Format Version 12.00
# Visual Studio 15
VisualStudioVersion = 15.0.26730.16
MinimumVisualStudioVersion = 10.0.40219.1
Project("{FAE04EC0-301F-11D3-BF4B-00C04F79EFBC}") = "SumOfOddNumbers", "SecondLectionLabExercises\SumOfOddNumbers.csproj", "{7A7BBE51-4940-4A13-81B7-FC27F20F4833}"
EndProject
Project("{FAE04EC0-301F-11D3-BF4B-00C04F79EFBC}") = "MultiplicationTable", "MultiplicationTable\MultiplicationTable.csproj", "{4D9C9E73-BE91-462F-AFB2-9E8F0AF709A8}"
EndProject
Project("{FAE04EC0-301F-11D3-BF4B-00C04F79EFBC}") = "MultiplicationTable2.0", "MultiplicationTable2.0\MultiplicationTable2.0.csproj", "{DCC0632C-63BF-49FC-B30B-C765872B3725}"
EndProject
Project("{FAE04EC0-301F-11D3-BF4B-00C04F79EFBC}") = "OddNumber", "OddNumber\OddNumber.csproj", "{D3BE031A-8BC4-420A-ABC3-570493698978}"
EndProject
Project("{FAE04EC0-301F-11D3-BF4B-00C04F79EFBC}") = "NumberChecker", "NumberChecker\NumberChecker.csproj", "{C0C2A659-FF41-4B32-8EFA-64EF1A845E78}"
EndProject
Global
	GlobalSection(SolutionConfigurationPlatforms) = preSolution
		Debug|Any CPU = Debug|Any CPU
		Release|Any CPU = Release|Any CPU
	EndGlobalSection
	GlobalSection(ProjectConfigurationPlatforms) = postSolution
		{7A7BBE51-4940-4A13-81B7-FC27F20F4833}.Debug|Any CPU.ActiveCfg = Debug|Any CPU
		{7A7BBE51-4940-4A13-81B7-FC27F20F4833}.Debug|Any CPU.Build.0 = Debug|Any CPU
		{7A7BBE51-4940-4A13-81B7-FC27F20F4833}.Release|Any CPU.ActiveCfg = Release|Any CPU
		{7A7BBE51-4940-4A13-81B7-FC27F20F4833}.Release|Any CPU.Build.0 = Release|Any CPU
		{4D9C9E73-BE91-462F-AFB2-9E8F0AF709A8}.Debug|Any CPU.ActiveCfg = Debug|Any CPU
		{4D9C9E73-BE91-462F-AFB2-9E8F0AF709A8}.Debug|Any CPU.Build.0 = Debug|Any CPU
		{4D9C9E73-BE91-462F-AFB2-9E8F0AF709A8}.Release|Any CPU.ActiveCfg = Release|Any CPU
		{4D9C9E73-BE91-462F-AFB2-9E8F0AF709A8}.Release|Any CPU.Build.0 = Release|Any CPU
		{DCC0632C-63BF-49FC-B30B-C765872B3725}.Debug|Any CPU.ActiveCfg = Debug|Any CPU
		{DCC0632C-63BF-49FC-B30B-C765872B3725}.Debug|Any CPU.Build.0 = Debug|Any CPU
		{DCC0632C-63BF-49FC-B30B-C765872B3725}.Release|Any CPU.ActiveCfg = Release|Any CPU
		{DCC0632C-63BF-49FC-B30B-C765872B3725}.Release|Any CPU.Build.0 = Release|Any CPU
		{D3BE031A-8BC4-420A-ABC3-570493698978}.Debug|Any CPU.ActiveCfg = Debug|Any CPU
		{D3BE031A-8BC4-420A-ABC3-570493698978}.Debug|Any CPU.Build.0 = Debug|Any CPU
		{D3BE031A-8BC4-420A-ABC3-570493698978}.Release|Any CPU.ActiveCfg = Release|Any CPU
		{D3BE031A-8BC4-420A-ABC3-570493698978}.Release|Any CPU.Build.0 = Release|Any CPU
		{C0C2A659-FF41-4B32-8EFA-64EF1A845E78}.Debug|Any CPU.ActiveCfg = Debug|Any CPU
		{C0C2A659-FF41-4B32-8EFA-64EF1A845E78}.Debug|Any CPU.Build.0 = Debug|Any CPU
		{C0C2A659-FF41-4B32-8EFA-64EF1A845E78}.Release|Any CPU.ActiveCfg = Release|Any CPU
		{C0C2A659-FF41-4B32-8EFA-64EF1A845E78}.Release|Any CPU.Build.0 = Release|Any CPU
	EndGlobalSection
	GlobalSection(SolutionProperties) = preSolution
		HideSolutionNode = FALSE
	EndGlobalSection
	GlobalSection(ExtensibilityGlobals) = postSolution
		SolutionGuid = {B51E22E6-86DC-4220-82C9-459A158A2924}
	EndGlobalSection
EndGlobal
