
Microsoft Visual Studio Solution File, Format Version 12.00
# Visual Studio Version 16
VisualStudioVersion = 16.0.29411.108
MinimumVisualStudioVersion = 10.0.40219.1
Project("{9A19103F-16F7-4668-BE54-9A1E7A4F7556}") = "FindingTheSumOfNumbers", "FindingTheSumOfNumbers\FindingTheSumOfNumbers.csproj", "{8EA81B24-60DE-407E-A5DE-265000639349}"
EndProject
Project("{9A19103F-16F7-4668-BE54-9A1E7A4F7556}") = "RecursiveFactorial", "RecursiveFactorial\RecursiveFactorial.csproj", "{16D4AF5F-4038-4460-BC56-5A58B4A21400}"
EndProject
Project("{9A19103F-16F7-4668-BE54-9A1E7A4F7556}") = "RecursiveDrawing", "RecursiveDrawing\RecursiveDrawing.csproj", "{3DABFA37-B5F6-4AC3-BB5E-08DEF2A84DC7}"
EndProject
Project("{9A19103F-16F7-4668-BE54-9A1E7A4F7556}") = "ReverseArray", "ReverseArray\ReverseArray.csproj", "{5EAAD1CC-F459-4472-B2B2-2554F9EB6354}"
EndProject
Project("{9A19103F-16F7-4668-BE54-9A1E7A4F7556}") = "NestedLoops", "NestedLoops\NestedLoops.csproj", "{2F169FFA-F7D4-49C6-97E8-25D3A284A537}"
EndProject
Project("{9A19103F-16F7-4668-BE54-9A1E7A4F7556}") = "CombinationsWithRepetitions", "CombinationsWithRepetitions\CombinationsWithRepetitions.csproj", "{C775CE99-D6A3-4E2B-9B4F-202D048C975A}"
EndProject
Project("{9A19103F-16F7-4668-BE54-9A1E7A4F7556}") = "CombinationsWithoutRepetition", "CombinationsWithoutRepetition\CombinationsWithoutRepetition.csproj", "{D7728BD9-837C-45EB-A609-5E7D3A8517CE}"
EndProject
Project("{9A19103F-16F7-4668-BE54-9A1E7A4F7556}") = "8QueensPuzzle", "8QueensPuzzle\8QueensPuzzle.csproj", "{2C649BB8-AD4F-41C9-9FB1-F2EE28C75C0E}"
EndProject
Project("{9A19103F-16F7-4668-BE54-9A1E7A4F7556}") = "FindAllPathsInALabrynth", "FindAllPathsInALabrynth\FindAllPathsInALabrynth.csproj", "{9C626EA1-5BE5-4BBF-9A55-231F3A720C50}"
EndProject
Project("{2150E333-8FDC-42A3-9474-1A3956D46DE8}") = "Recursion", "Recursion", "{72253438-826A-4F42-BFDC-C0E48DCC581F}"
EndProject
Project("{2150E333-8FDC-42A3-9474-1A3956D46DE8}") = "Sorting", "Sorting", "{03E92913-8033-4FF9-8EC6-CAFA425DB200}"
EndProject
Project("{9A19103F-16F7-4668-BE54-9A1E7A4F7556}") = "MergeSort", "MergeSort\MergeSort.csproj", "{1E665DF8-527E-4203-B5A5-595B8E71F54B}"
EndProject
Project("{2150E333-8FDC-42A3-9474-1A3956D46DE8}") = "Searching", "Searching", "{2B768DDF-3B1D-449E-9655-564802F87E50}"
EndProject
Project("{9A19103F-16F7-4668-BE54-9A1E7A4F7556}") = "MaxSelectionSort", "SelectionSort\MaxSelectionSort.csproj", "{D9B03DD1-21DA-4E9C-A37C-844E10F7E369}"
EndProject
Project("{9A19103F-16F7-4668-BE54-9A1E7A4F7556}") = "BinarySearch", "BinarySearch\BinarySearch.csproj", "{2A02F39A-2431-4775-9A9F-747E37F42CA0}"
EndProject
Project("{9A19103F-16F7-4668-BE54-9A1E7A4F7556}") = "InsertionSort", "InsertionSort\InsertionSort.csproj", "{3C68BEA7-73EE-4B7E-B5F9-B570CBF93C21}"
EndProject
Project("{FAE04EC0-301F-11D3-BF4B-00C04F79EFBC}") = "Palindrome", "Palindrome\Palindrome.csproj", "{8B6872AA-FFB1-406A-9517-F5AC1E6D986D}"
EndProject
Global
	GlobalSection(SolutionConfigurationPlatforms) = preSolution
		Debug|Any CPU = Debug|Any CPU
		Release|Any CPU = Release|Any CPU
	EndGlobalSection
	GlobalSection(ProjectConfigurationPlatforms) = postSolution
		{8EA81B24-60DE-407E-A5DE-265000639349}.Debug|Any CPU.ActiveCfg = Debug|Any CPU
		{8EA81B24-60DE-407E-A5DE-265000639349}.Debug|Any CPU.Build.0 = Debug|Any CPU
		{8EA81B24-60DE-407E-A5DE-265000639349}.Release|Any CPU.ActiveCfg = Release|Any CPU
		{8EA81B24-60DE-407E-A5DE-265000639349}.Release|Any CPU.Build.0 = Release|Any CPU
		{16D4AF5F-4038-4460-BC56-5A58B4A21400}.Debug|Any CPU.ActiveCfg = Debug|Any CPU
		{16D4AF5F-4038-4460-BC56-5A58B4A21400}.Debug|Any CPU.Build.0 = Debug|Any CPU
		{16D4AF5F-4038-4460-BC56-5A58B4A21400}.Release|Any CPU.ActiveCfg = Release|Any CPU
		{16D4AF5F-4038-4460-BC56-5A58B4A21400}.Release|Any CPU.Build.0 = Release|Any CPU
		{3DABFA37-B5F6-4AC3-BB5E-08DEF2A84DC7}.Debug|Any CPU.ActiveCfg = Debug|Any CPU
		{3DABFA37-B5F6-4AC3-BB5E-08DEF2A84DC7}.Debug|Any CPU.Build.0 = Debug|Any CPU
		{3DABFA37-B5F6-4AC3-BB5E-08DEF2A84DC7}.Release|Any CPU.ActiveCfg = Release|Any CPU
		{3DABFA37-B5F6-4AC3-BB5E-08DEF2A84DC7}.Release|Any CPU.Build.0 = Release|Any CPU
		{5EAAD1CC-F459-4472-B2B2-2554F9EB6354}.Debug|Any CPU.ActiveCfg = Debug|Any CPU
		{5EAAD1CC-F459-4472-B2B2-2554F9EB6354}.Debug|Any CPU.Build.0 = Debug|Any CPU
		{5EAAD1CC-F459-4472-B2B2-2554F9EB6354}.Release|Any CPU.ActiveCfg = Release|Any CPU
		{5EAAD1CC-F459-4472-B2B2-2554F9EB6354}.Release|Any CPU.Build.0 = Release|Any CPU
		{2F169FFA-F7D4-49C6-97E8-25D3A284A537}.Debug|Any CPU.ActiveCfg = Debug|Any CPU
		{2F169FFA-F7D4-49C6-97E8-25D3A284A537}.Debug|Any CPU.Build.0 = Debug|Any CPU
		{2F169FFA-F7D4-49C6-97E8-25D3A284A537}.Release|Any CPU.ActiveCfg = Release|Any CPU
		{2F169FFA-F7D4-49C6-97E8-25D3A284A537}.Release|Any CPU.Build.0 = Release|Any CPU
		{C775CE99-D6A3-4E2B-9B4F-202D048C975A}.Debug|Any CPU.ActiveCfg = Debug|Any CPU
		{C775CE99-D6A3-4E2B-9B4F-202D048C975A}.Debug|Any CPU.Build.0 = Debug|Any CPU
		{C775CE99-D6A3-4E2B-9B4F-202D048C975A}.Release|Any CPU.ActiveCfg = Release|Any CPU
		{C775CE99-D6A3-4E2B-9B4F-202D048C975A}.Release|Any CPU.Build.0 = Release|Any CPU
		{D7728BD9-837C-45EB-A609-5E7D3A8517CE}.Debug|Any CPU.ActiveCfg = Debug|Any CPU
		{D7728BD9-837C-45EB-A609-5E7D3A8517CE}.Debug|Any CPU.Build.0 = Debug|Any CPU
		{D7728BD9-837C-45EB-A609-5E7D3A8517CE}.Release|Any CPU.ActiveCfg = Release|Any CPU
		{D7728BD9-837C-45EB-A609-5E7D3A8517CE}.Release|Any CPU.Build.0 = Release|Any CPU
		{2C649BB8-AD4F-41C9-9FB1-F2EE28C75C0E}.Debug|Any CPU.ActiveCfg = Debug|Any CPU
		{2C649BB8-AD4F-41C9-9FB1-F2EE28C75C0E}.Debug|Any CPU.Build.0 = Debug|Any CPU
		{2C649BB8-AD4F-41C9-9FB1-F2EE28C75C0E}.Release|Any CPU.ActiveCfg = Release|Any CPU
		{2C649BB8-AD4F-41C9-9FB1-F2EE28C75C0E}.Release|Any CPU.Build.0 = Release|Any CPU
		{9C626EA1-5BE5-4BBF-9A55-231F3A720C50}.Debug|Any CPU.ActiveCfg = Debug|Any CPU
		{9C626EA1-5BE5-4BBF-9A55-231F3A720C50}.Debug|Any CPU.Build.0 = Debug|Any CPU
		{9C626EA1-5BE5-4BBF-9A55-231F3A720C50}.Release|Any CPU.ActiveCfg = Release|Any CPU
		{9C626EA1-5BE5-4BBF-9A55-231F3A720C50}.Release|Any CPU.Build.0 = Release|Any CPU
		{1E665DF8-527E-4203-B5A5-595B8E71F54B}.Debug|Any CPU.ActiveCfg = Debug|Any CPU
		{1E665DF8-527E-4203-B5A5-595B8E71F54B}.Debug|Any CPU.Build.0 = Debug|Any CPU
		{1E665DF8-527E-4203-B5A5-595B8E71F54B}.Release|Any CPU.ActiveCfg = Release|Any CPU
		{1E665DF8-527E-4203-B5A5-595B8E71F54B}.Release|Any CPU.Build.0 = Release|Any CPU
		{D9B03DD1-21DA-4E9C-A37C-844E10F7E369}.Debug|Any CPU.ActiveCfg = Debug|Any CPU
		{D9B03DD1-21DA-4E9C-A37C-844E10F7E369}.Debug|Any CPU.Build.0 = Debug|Any CPU
		{D9B03DD1-21DA-4E9C-A37C-844E10F7E369}.Release|Any CPU.ActiveCfg = Release|Any CPU
		{D9B03DD1-21DA-4E9C-A37C-844E10F7E369}.Release|Any CPU.Build.0 = Release|Any CPU
		{2A02F39A-2431-4775-9A9F-747E37F42CA0}.Debug|Any CPU.ActiveCfg = Debug|Any CPU
		{2A02F39A-2431-4775-9A9F-747E37F42CA0}.Debug|Any CPU.Build.0 = Debug|Any CPU
		{2A02F39A-2431-4775-9A9F-747E37F42CA0}.Release|Any CPU.ActiveCfg = Release|Any CPU
		{2A02F39A-2431-4775-9A9F-747E37F42CA0}.Release|Any CPU.Build.0 = Release|Any CPU
		{3C68BEA7-73EE-4B7E-B5F9-B570CBF93C21}.Debug|Any CPU.ActiveCfg = Debug|Any CPU
		{3C68BEA7-73EE-4B7E-B5F9-B570CBF93C21}.Debug|Any CPU.Build.0 = Debug|Any CPU
		{3C68BEA7-73EE-4B7E-B5F9-B570CBF93C21}.Release|Any CPU.ActiveCfg = Release|Any CPU
		{3C68BEA7-73EE-4B7E-B5F9-B570CBF93C21}.Release|Any CPU.Build.0 = Release|Any CPU
		{8B6872AA-FFB1-406A-9517-F5AC1E6D986D}.Debug|Any CPU.ActiveCfg = Debug|Any CPU
		{8B6872AA-FFB1-406A-9517-F5AC1E6D986D}.Debug|Any CPU.Build.0 = Debug|Any CPU
		{8B6872AA-FFB1-406A-9517-F5AC1E6D986D}.Release|Any CPU.ActiveCfg = Release|Any CPU
		{8B6872AA-FFB1-406A-9517-F5AC1E6D986D}.Release|Any CPU.Build.0 = Release|Any CPU
	EndGlobalSection
	GlobalSection(SolutionProperties) = preSolution
		HideSolutionNode = FALSE
	EndGlobalSection
	GlobalSection(NestedProjects) = preSolution
		{8EA81B24-60DE-407E-A5DE-265000639349} = {72253438-826A-4F42-BFDC-C0E48DCC581F}
		{16D4AF5F-4038-4460-BC56-5A58B4A21400} = {72253438-826A-4F42-BFDC-C0E48DCC581F}
		{3DABFA37-B5F6-4AC3-BB5E-08DEF2A84DC7} = {72253438-826A-4F42-BFDC-C0E48DCC581F}
		{5EAAD1CC-F459-4472-B2B2-2554F9EB6354} = {72253438-826A-4F42-BFDC-C0E48DCC581F}
		{2F169FFA-F7D4-49C6-97E8-25D3A284A537} = {72253438-826A-4F42-BFDC-C0E48DCC581F}
		{C775CE99-D6A3-4E2B-9B4F-202D048C975A} = {72253438-826A-4F42-BFDC-C0E48DCC581F}
		{D7728BD9-837C-45EB-A609-5E7D3A8517CE} = {72253438-826A-4F42-BFDC-C0E48DCC581F}
		{2C649BB8-AD4F-41C9-9FB1-F2EE28C75C0E} = {72253438-826A-4F42-BFDC-C0E48DCC581F}
		{9C626EA1-5BE5-4BBF-9A55-231F3A720C50} = {72253438-826A-4F42-BFDC-C0E48DCC581F}
		{1E665DF8-527E-4203-B5A5-595B8E71F54B} = {03E92913-8033-4FF9-8EC6-CAFA425DB200}
		{D9B03DD1-21DA-4E9C-A37C-844E10F7E369} = {03E92913-8033-4FF9-8EC6-CAFA425DB200}
		{2A02F39A-2431-4775-9A9F-747E37F42CA0} = {2B768DDF-3B1D-449E-9655-564802F87E50}
		{3C68BEA7-73EE-4B7E-B5F9-B570CBF93C21} = {03E92913-8033-4FF9-8EC6-CAFA425DB200}
		{8B6872AA-FFB1-406A-9517-F5AC1E6D986D} = {72253438-826A-4F42-BFDC-C0E48DCC581F}
	EndGlobalSection
	GlobalSection(ExtensibilityGlobals) = postSolution
		SolutionGuid = {EB82BB3A-C592-4C9B-A42D-B19679B33ADC}
	EndGlobalSection
EndGlobal
