
Microsoft Visual Studio Solution File, Format Version 12.00
# Visual Studio 15
VisualStudioVersion = 15.0.26730.16
MinimumVisualStudioVersion = 10.0.40219.1
Project("{FAE04EC0-301F-11D3-BF4B-00C04F79EFBC}") = "SubstringOccurences", "Tester\SubstringOccurences.csproj", "{E9AB1B9F-7CF4-40FB-9514-DEC2B297D13D}"
EndProject
Project("{FAE04EC0-301F-11D3-BF4B-00C04F79EFBC}") = "TextFilter", "Test\TextFilter.csproj", "{C216D273-D401-497B-B204-E82016BAAA62}"
EndProject
Project("{FAE04EC0-301F-11D3-BF4B-00C04F79EFBC}") = "Palindromes", "Palindromes\Palindromes.csproj", "{B7EEF7E9-243C-45C2-818A-F3C5FA9842CE}"
EndProject
Project("{FAE04EC0-301F-11D3-BF4B-00C04F79EFBC}") = "ReverseString", "ReverseString\ReverseString.csproj", "{DE25F952-82B9-4166-B456-B3BC89079BB4}"
EndProject
Project("{FAE04EC0-301F-11D3-BF4B-00C04F79EFBC}") = "UnicodeCharacters", "UnicodeCharacters\UnicodeCharacters.csproj", "{EEFA3C17-8188-4F6C-811D-53D3393932F9}"
EndProject
Project("{FAE04EC0-301F-11D3-BF4B-00C04F79EFBC}") = "CharacterMultiplier", "CharacterMultiplier\CharacterMultiplier.csproj", "{1D9BC8BF-03D0-4F27-9DDC-5187DDCCD2CA}"
EndProject
Project("{FAE04EC0-301F-11D3-BF4B-00C04F79EFBC}") = "FromBase10ToBaseN", "FromBase10ToBaseN\FromBase10ToBaseN.csproj", "{9EFCFF3E-CAA3-4D61-ABAD-152DE43ACFAE}"
EndProject
Project("{FAE04EC0-301F-11D3-BF4B-00C04F79EFBC}") = "FromBaseNToBase10", "FromBaseNToBase10\FromBaseNToBase10.csproj", "{BA822780-36EC-4F97-BE8E-11CB070DE3E0}"
EndProject
Project("{FAE04EC0-301F-11D3-BF4B-00C04F79EFBC}") = "SumBigNumbers", "SumBigNumbers\SumBigNumbers.csproj", "{7700EDA1-DD7A-4C91-8662-4A00335D1DCD}"
EndProject
Project("{FAE04EC0-301F-11D3-BF4B-00C04F79EFBC}") = "MagicExchWords", "MagicExchWords\MagicExchWords.csproj", "{164A79E9-2F30-4F69-97FF-AE97403366B3}"
EndProject
Project("{FAE04EC0-301F-11D3-BF4B-00C04F79EFBC}") = "MagicExWords2Variant", "MagicExWords2Variant\MagicExWords2Variant.csproj", "{84A6E0E8-BF92-49B8-B8A5-C9D306DBF149}"
EndProject
Project("{FAE04EC0-301F-11D3-BF4B-00C04F79EFBC}") = "MultiplyBigNumber", "MultiplyBigNumber\MultiplyBigNumber.csproj", "{9A1AC6E0-F143-4F89-B337-AB243F0EAB44}"
EndProject
Project("{FAE04EC0-301F-11D3-BF4B-00C04F79EFBC}") = "LettersChangeNumbers", "LettersChangeNumbers\LettersChangeNumbers.csproj", "{4272592A-18E8-403C-9585-CFF708E146E4}"
EndProject
Global
	GlobalSection(SolutionConfigurationPlatforms) = preSolution
		Debug|Any CPU = Debug|Any CPU
		Release|Any CPU = Release|Any CPU
	EndGlobalSection
	GlobalSection(ProjectConfigurationPlatforms) = postSolution
		{E9AB1B9F-7CF4-40FB-9514-DEC2B297D13D}.Debug|Any CPU.ActiveCfg = Debug|Any CPU
		{E9AB1B9F-7CF4-40FB-9514-DEC2B297D13D}.Debug|Any CPU.Build.0 = Debug|Any CPU
		{E9AB1B9F-7CF4-40FB-9514-DEC2B297D13D}.Release|Any CPU.ActiveCfg = Release|Any CPU
		{E9AB1B9F-7CF4-40FB-9514-DEC2B297D13D}.Release|Any CPU.Build.0 = Release|Any CPU
		{C216D273-D401-497B-B204-E82016BAAA62}.Debug|Any CPU.ActiveCfg = Debug|Any CPU
		{C216D273-D401-497B-B204-E82016BAAA62}.Debug|Any CPU.Build.0 = Debug|Any CPU
		{C216D273-D401-497B-B204-E82016BAAA62}.Release|Any CPU.ActiveCfg = Release|Any CPU
		{C216D273-D401-497B-B204-E82016BAAA62}.Release|Any CPU.Build.0 = Release|Any CPU
		{B7EEF7E9-243C-45C2-818A-F3C5FA9842CE}.Debug|Any CPU.ActiveCfg = Debug|Any CPU
		{B7EEF7E9-243C-45C2-818A-F3C5FA9842CE}.Debug|Any CPU.Build.0 = Debug|Any CPU
		{B7EEF7E9-243C-45C2-818A-F3C5FA9842CE}.Release|Any CPU.ActiveCfg = Release|Any CPU
		{B7EEF7E9-243C-45C2-818A-F3C5FA9842CE}.Release|Any CPU.Build.0 = Release|Any CPU
		{DE25F952-82B9-4166-B456-B3BC89079BB4}.Debug|Any CPU.ActiveCfg = Debug|Any CPU
		{DE25F952-82B9-4166-B456-B3BC89079BB4}.Debug|Any CPU.Build.0 = Debug|Any CPU
		{DE25F952-82B9-4166-B456-B3BC89079BB4}.Release|Any CPU.ActiveCfg = Release|Any CPU
		{DE25F952-82B9-4166-B456-B3BC89079BB4}.Release|Any CPU.Build.0 = Release|Any CPU
		{EEFA3C17-8188-4F6C-811D-53D3393932F9}.Debug|Any CPU.ActiveCfg = Debug|Any CPU
		{EEFA3C17-8188-4F6C-811D-53D3393932F9}.Debug|Any CPU.Build.0 = Debug|Any CPU
		{EEFA3C17-8188-4F6C-811D-53D3393932F9}.Release|Any CPU.ActiveCfg = Release|Any CPU
		{EEFA3C17-8188-4F6C-811D-53D3393932F9}.Release|Any CPU.Build.0 = Release|Any CPU
		{1D9BC8BF-03D0-4F27-9DDC-5187DDCCD2CA}.Debug|Any CPU.ActiveCfg = Debug|Any CPU
		{1D9BC8BF-03D0-4F27-9DDC-5187DDCCD2CA}.Debug|Any CPU.Build.0 = Debug|Any CPU
		{1D9BC8BF-03D0-4F27-9DDC-5187DDCCD2CA}.Release|Any CPU.ActiveCfg = Release|Any CPU
		{1D9BC8BF-03D0-4F27-9DDC-5187DDCCD2CA}.Release|Any CPU.Build.0 = Release|Any CPU
		{9EFCFF3E-CAA3-4D61-ABAD-152DE43ACFAE}.Debug|Any CPU.ActiveCfg = Debug|Any CPU
		{9EFCFF3E-CAA3-4D61-ABAD-152DE43ACFAE}.Debug|Any CPU.Build.0 = Debug|Any CPU
		{9EFCFF3E-CAA3-4D61-ABAD-152DE43ACFAE}.Release|Any CPU.ActiveCfg = Release|Any CPU
		{9EFCFF3E-CAA3-4D61-ABAD-152DE43ACFAE}.Release|Any CPU.Build.0 = Release|Any CPU
		{BA822780-36EC-4F97-BE8E-11CB070DE3E0}.Debug|Any CPU.ActiveCfg = Debug|Any CPU
		{BA822780-36EC-4F97-BE8E-11CB070DE3E0}.Debug|Any CPU.Build.0 = Debug|Any CPU
		{BA822780-36EC-4F97-BE8E-11CB070DE3E0}.Release|Any CPU.ActiveCfg = Release|Any CPU
		{BA822780-36EC-4F97-BE8E-11CB070DE3E0}.Release|Any CPU.Build.0 = Release|Any CPU
		{7700EDA1-DD7A-4C91-8662-4A00335D1DCD}.Debug|Any CPU.ActiveCfg = Debug|Any CPU
		{7700EDA1-DD7A-4C91-8662-4A00335D1DCD}.Debug|Any CPU.Build.0 = Debug|Any CPU
		{7700EDA1-DD7A-4C91-8662-4A00335D1DCD}.Release|Any CPU.ActiveCfg = Release|Any CPU
		{7700EDA1-DD7A-4C91-8662-4A00335D1DCD}.Release|Any CPU.Build.0 = Release|Any CPU
		{164A79E9-2F30-4F69-97FF-AE97403366B3}.Debug|Any CPU.ActiveCfg = Debug|Any CPU
		{164A79E9-2F30-4F69-97FF-AE97403366B3}.Debug|Any CPU.Build.0 = Debug|Any CPU
		{164A79E9-2F30-4F69-97FF-AE97403366B3}.Release|Any CPU.ActiveCfg = Release|Any CPU
		{164A79E9-2F30-4F69-97FF-AE97403366B3}.Release|Any CPU.Build.0 = Release|Any CPU
		{84A6E0E8-BF92-49B8-B8A5-C9D306DBF149}.Debug|Any CPU.ActiveCfg = Debug|Any CPU
		{84A6E0E8-BF92-49B8-B8A5-C9D306DBF149}.Debug|Any CPU.Build.0 = Debug|Any CPU
		{84A6E0E8-BF92-49B8-B8A5-C9D306DBF149}.Release|Any CPU.ActiveCfg = Release|Any CPU
		{84A6E0E8-BF92-49B8-B8A5-C9D306DBF149}.Release|Any CPU.Build.0 = Release|Any CPU
		{9A1AC6E0-F143-4F89-B337-AB243F0EAB44}.Debug|Any CPU.ActiveCfg = Debug|Any CPU
		{9A1AC6E0-F143-4F89-B337-AB243F0EAB44}.Debug|Any CPU.Build.0 = Debug|Any CPU
		{9A1AC6E0-F143-4F89-B337-AB243F0EAB44}.Release|Any CPU.ActiveCfg = Release|Any CPU
		{9A1AC6E0-F143-4F89-B337-AB243F0EAB44}.Release|Any CPU.Build.0 = Release|Any CPU
		{4272592A-18E8-403C-9585-CFF708E146E4}.Debug|Any CPU.ActiveCfg = Debug|Any CPU
		{4272592A-18E8-403C-9585-CFF708E146E4}.Debug|Any CPU.Build.0 = Debug|Any CPU
		{4272592A-18E8-403C-9585-CFF708E146E4}.Release|Any CPU.ActiveCfg = Release|Any CPU
		{4272592A-18E8-403C-9585-CFF708E146E4}.Release|Any CPU.Build.0 = Release|Any CPU
	EndGlobalSection
	GlobalSection(SolutionProperties) = preSolution
		HideSolutionNode = FALSE
	EndGlobalSection
	GlobalSection(ExtensibilityGlobals) = postSolution
		SolutionGuid = {CE5B174C-1F6F-4BB0-9578-C9003C691E21}
	EndGlobalSection
EndGlobal
